# This file is autogenerated, do not edit; changes may be undone by the next 'dep ensure'.


[[projects]]
  digest = "1:6981402aef27693f4b2ec619117abd263fde29f8c1dfac46eef0f35038d37513"
  name = "github.com/Shopify/sarama"
  packages = ["."]
  pruneopts = "UT"
  revision = "ec843464b50d4c8b56403ec9d589cf41ea30e722"
  version = "v1.19.0"

[[projects]]
  branch = "master"
  digest = "1:ef5b0622d834c139454148b8fd0c92bb314828900532b267ae62da9fec109866"
  name = "github.com/armon/go-metrics"
  packages = ["."]
  pruneopts = "UT"
  revision = "f0300d1749da6fa982027e449ec0c7a145510c3c"

[[projects]]
  digest = "1:6cbbd969290c2cae19230c8699b9dc12bb3e9a2ea10ef944730d2dfe0054767d"
  name = "github.com/aws/aws-sdk-go"
  packages = [
    "aws",
    "aws/awserr",
    "aws/awsutil",
    "aws/client",
    "aws/client/metadata",
    "aws/corehandlers",
    "aws/credentials",
    "aws/credentials/ec2rolecreds",
    "aws/credentials/endpointcreds",
    "aws/credentials/stscreds",
    "aws/csm",
    "aws/defaults",
    "aws/ec2metadata",
    "aws/endpoints",
    "aws/request",
    "aws/session",
    "aws/signer/v4",
    "internal/ini",
    "internal/sdkio",
    "internal/sdkrand",
    "internal/sdkuri",
    "internal/shareddefaults",
    "private/protocol",
    "private/protocol/json/jsonutil",
    "private/protocol/jsonrpc",
    "private/protocol/query",
    "private/protocol/query/queryutil",
    "private/protocol/rest",
    "private/protocol/xml/xmlutil",
    "service/kinesis",
    "service/sts",
  ]
  pruneopts = "UT"
  revision = "cf00ea20983ce38df17ab0a0814463ab8838459f"
  version = "v1.15.73"

[[projects]]
  digest = "1:ffe9824d294da03b391f44e1ae8281281b4afc1bdaa9588c9097785e3af10cec"
  name = "github.com/davecgh/go-spew"
  packages = ["spew"]
  pruneopts = "UT"
  revision = "8991bc29aa16c548c550c7ff78260e27b9ab7c73"
  version = "v1.1.1"

[[projects]]
  digest = "1:1f0c7ab489b407a7f8f9ad16c25a504d28ab461517a971d341388a56156c1bd7"
  name = "github.com/eapache/go-resiliency"
  packages = ["breaker"]
  pruneopts = "UT"
  revision = "ea41b0fad31007accc7f806884dcdf3da98b79ce"
  version = "v1.1.0"

[[projects]]
  branch = "master"
  digest = "1:79f16588b5576b1b3cd90e48d2374cc9a1a8776862d28d8fd0f23b0e15534967"
  name = "github.com/eapache/go-xerial-snappy"
  packages = ["."]
  pruneopts = "UT"
  revision = "776d5712da21bc4762676d614db1d8a64f4238b0"

[[projects]]
  digest = "1:444b82bfe35c83bbcaf84e310fb81a1f9ece03edfed586483c869e2c046aef69"
  name = "github.com/eapache/queue"
  packages = ["."]
  pruneopts = "UT"
  revision = "44cc805cf13205b55f69e14bcb69867d1ae92f98"
  version = "v1.1.0"

[[projects]]
  digest = "1:0594af97b2f4cec6554086eeace6597e20a4b69466eb4ada25adf9f4300dddd2"
  name = "github.com/garyburd/redigo"
  packages = [
    "internal",
    "redis",
  ]
  pruneopts = "UT"
  revision = "a69d19351219b6dd56f274f96d85a7014a2ec34e"
  version = "v1.6.0"

[[projects]]
  digest = "1:4b08116de0de75c041bb341686f0b139930f26cb84dfdf7641d435548114181d"
  name = "github.com/globalsign/mgo"
  packages = [
    ".",
    "bson",
    "internal/json",
    "internal/sasl",
    "internal/scram",
  ]
  pruneopts = "UT"
  revision = "113d3961e7311526535a1ef7042196563d442761"
  version = "r2018.06.15"

[[projects]]
  branch = "master"
  digest = "1:4a0c6bb4805508a6287675fac876be2ac1182539ca8a32468d8128882e9d5009"
  name = "github.com/golang/snappy"
  packages = ["."]
  pruneopts = "UT"
  revision = "2e65f85255dbc3072edf28d6b5b8efc472979f5a"

[[projects]]
  digest = "1:e3f17aa0eb8c151426d23cb767ae50f5b42c46533db3424761ee639b56ab9041"
  name = "github.com/gorhill/cronexpr"
  packages = ["."]
  pruneopts = "UT"
  revision = "a557574d6c024ed6e36acc8b610f5f211c91568a"
  version = "1.0.0"

[[projects]]
  digest = "1:662f988f80b8e4208a0004d1e9d67543602fdd00b7106a857b8339e3d276ae1e"
  name = "github.com/hashicorp/consul"
  packages = ["api"]
  pruneopts = "UT"
  revision = "e8757838a49feeb682c7e6ad6b78694a78b2096b"
  version = "v1.3.0"

[[projects]]
  digest = "1:0ade334594e69404d80d9d323445d2297ff8161637f9b2d347cc6973d2d6f05b"
  name = "github.com/hashicorp/errwrap"
  packages = ["."]
  pruneopts = "UT"
  revision = "8a6fb523712970c966eefc6b39ed2c5e74880354"
  version = "v1.0.0"

[[projects]]
  digest = "1:77cb3be9b21ba7f1a4701e870c84ea8b66e7d74c7c8951c58155fdadae9414ec"
  name = "github.com/hashicorp/go-cleanhttp"
  packages = ["."]
  pruneopts = "UT"
  revision = "d5fe4b57a186c716b0e00b8c301cbd9b4182694d"

[[projects]]
  digest = "1:858428d08a69bc8ea68a09deb63b07907d8e48266b19e19b21dfe05d5e77bb66"
  name = "github.com/hashicorp/go-immutable-radix"
  packages = ["."]
  pruneopts = "UT"
  revision = "8aac2701530899b64bdea735a1de8da899815220"

[[projects]]
  branch = "master"
  digest = "1:b8ba23b0b493e601d5ebaf21079bd3433eb304a5d73c0fb40b8aea526e94f46b"
  name = "github.com/hashicorp/go-msgpack"
  packages = ["codec"]
  pruneopts = "UT"
  revision = "fa3f63826f7c23912c15263591e65d54d080b458"

[[projects]]
  digest = "1:9e6e28e4a4a21fc0e3448a519ac1b1979d03c9cb15ceeee0004e5912cf37f763"
  name = "github.com/hashicorp/go-multierror"
  packages = ["."]
  pruneopts = "UT"
  revision = "d30f09973e19c1dfcd120b2d9c4f168e68d6b5d5"

[[projects]]
  branch = "master"
  digest = "1:45aad874d3c7d5e8610427c81870fb54970b981692930ec2a319ce4cb89d7a00"
  name = "github.com/hashicorp/go-rootcerts"
  packages = ["."]
  pruneopts = "UT"
  revision = "6bb64b370b90e7ef1fa532be9e591a81c3493e00"

[[projects]]
  digest = "1:826df03282c5a336f1d23a07ce0ec0a26c7230e1a5d5a79a8ea4b68c0c8462b3"
  name = "github.com/hashicorp/go-version"
  packages = ["."]
  pruneopts = "UT"
  revision = "03c5bf6be031b6dd45afec16b1cf94fc8938bc77"

[[projects]]
  digest = "1:3f90d23757c18b1e07bf11494dbe737ee2c44d881c0f41e681611abdadad62fa"
  name = "github.com/hashicorp/golang-lru"
  packages = [
    ".",
    "simplelru",
  ]
  pruneopts = "UT"
  revision = "a0d98a5f288019575c6d1f4bb1573fef2d1fcdc4"

[[projects]]
  digest = "1:1569ecaa0d58425d100322dadc429ff1ec0999876067088eac6f62d1073d7f10"
  name = "github.com/hashicorp/hcl"
  packages = [
    ".",
    "hcl/ast",
    "hcl/parser",
    "hcl/scanner",
    "hcl/strconv",
    "hcl/token",
    "json/parser",
    "json/scanner",
    "json/token",
  ]
  pruneopts = "UT"
  revision = "6e968a3fcdcbab092f5307fd0d85479d5af1e4dc"

[[projects]]
  digest = "1:4ea1ee0830819ed2e8f1bf072d1f43573f1cbf56b906a65ffc345a814b1b6ccb"
  name = "github.com/hashicorp/nomad"
  packages = [
    "acl",
    "api",
    "api/contexts",
    "helper",
    "helper/args",
    "helper/flatmap",
    "helper/uuid",
    "nomad/structs",
  ]
  pruneopts = "UT"
  revision = "fcc4149c55399eb4979cd3fe3fb983cfe6c8449a"
  version = "v0.8.6"

[[projects]]
  digest = "1:8f7bdcbd3c824bf5118d22f3e4b44dbcbf2db86fdd5a6d028ac89eabc09f518d"
  name = "github.com/hashicorp/raft"
  packages = ["."]
  pruneopts = "UT"
  revision = "077966dbc90f342107eb723ec52fdb0463ec789b"

[[projects]]
  digest = "1:acc81e4e4289587b257ccdfccbc6eaf16d4c2fb57dda73c6bb349bf50f02501f"
  name = "github.com/hashicorp/serf"
  packages = ["coordinate"]
  pruneopts = "UT"
  revision = "19bbd39e421bdf3559d5025fb2c760f5ffa56233"

[[projects]]
  digest = "1:e22af8c7518e1eab6f2eab2b7d7558927f816262586cd6ed9f349c97a6c285c4"
  name = "github.com/jmespath/go-jmespath"
  packages = ["."]
  pruneopts = "UT"
  revision = "0b12d6b5"

[[projects]]
  digest = "1:dfb4eb6168a4e7f16e9fda5b9164013a0f5a8eb06bb5ca3a1980964a7beedde4"
  name = "github.com/mitchellh/copystructure"
  packages = ["."]
  pruneopts = "UT"
  revision = "d23ffcb85de31694d6ccaa23ccb4a03e55c1303f"

[[projects]]
  digest = "1:78bbb1ba5b7c3f2ed0ea1eab57bdd3859aec7e177811563edc41198a760b06af"
  name = "github.com/mitchellh/go-homedir"
  packages = ["."]
  pruneopts = "UT"
  revision = "ae18d6b8b3205b561c79e8e5f69bff09736185f4"
  version = "v1.0.0"

[[projects]]
  digest = "1:7ca97256ce83a55a1b54d87408b8975d4062a4ed14fa38cefadd4a8c8b03b22b"
  name = "github.com/mitchellh/hashstructure"
  packages = ["."]
  pruneopts = "UT"
  revision = "1ef5c71b025aef149d12346356ac5973992860bc"

[[projects]]
  digest = "1:bba69fe95a60f59a68df402c23d57ffdc5596200901189958aea969c468d550f"
  name = "github.com/mitchellh/mapstructure"
  packages = ["."]
  pruneopts = "UT"
  revision = "5a380f224700b8a6c4eaad048804f5bff514cb35"

[[projects]]
  digest = "1:bcc07ad6f62e6d8958692ff89c8ac1c64eb92de66330f98b7e9bdb72cc017a84"
  name = "github.com/mitchellh/reflectwalk"
  packages = ["."]
  pruneopts = "UT"
  revision = "eecee6c969c02c8cc2ae48e1e269843ae8590796"
  version = "v1.0.0"

[[projects]]
  digest = "1:bb48459ec76efe45f13094480296462ef5c9aaa56662918819b7a8fce3155b8b"
  name = "github.com/nsqio/go-nsq"
  packages = ["."]
  pruneopts = "UT"
  revision = "eee57a3ac4174c55924125bb15eeeda8cffb6e6f"
  version = "v1.0.7"

[[projects]]
  digest = "1:e39a5ee8fcbec487f8fc68863ef95f2b025e0739b0e4aa55558a2b4cf8f0ecf0"
  name = "github.com/pierrec/lz4"
  packages = [
    ".",
    "internal/xxh32",
  ]
  pruneopts = "UT"
  revision = "635575b42742856941dbc767b44905bb9ba083f6"
  version = "v2.0.7"

[[projects]]
  branch = "master"
  digest = "1:d38f81081a389f1466ec98192cf9115a82158854d6f01e1c23e2e7554b97db71"
  name = "github.com/rcrowley/go-metrics"
  packages = ["."]
  pruneopts = "UT"
  revision = "3113b8401b8a98917cde58f8bbd42a1b1c03b1fd"

[[projects]]
  branch = "master"
  digest = "1:58f7b701c6c24c34e4800ea8148258e8967b934a4c05da1fb34c5dffb1e34f81"
  name = "github.com/seatgeek/logrus-gelf-formatter"
  packages = ["."]
  pruneopts = "UT"
  revision = "ce23ecb3f367c85481346bcc4e4ca65d4c5ca262"

[[projects]]
  digest = "1:4263c8c8e0febd451295851233496dc4c7f79d1c8f14b288d89217f69c59260f"
  name = "github.com/sirupsen/logrus"
  packages = ["."]
  pruneopts = "UT"
  revision = "00386b3fbd637582f90cb17482dc3087646c0ac2"

[[projects]]
  branch = "master"
  digest = "1:68284c262f45718a220f7e817c2125a0f20eb3924be5074fa187ff7bc600c47e"
  name = "github.com/streadway/amqp"
  packages = ["."]
  pruneopts = "UT"
  revision = "27835f1a64e97101d95306211f03c0620ffa295d"

[[projects]]
  digest = "1:420eec79669470df8c45f18c2d41da99d1d95a154bbde6d1682af7429b5681db"
  name = "github.com/ugorji/go"
  packages = ["codec"]
  pruneopts = "UT"
  revision = "0053ebfd9d0ee06ccefbfe17072021e1d4acebee"

[[projects]]
  branch = "master"
  digest = "1:8db39ece54390c0808fc3822518339fd8dfdceb27e088485998fe5cd0ba0acd7"
  name = "golang.org/x/crypto"
  packages = ["blake2b"]
  pruneopts = "UT"
  revision = "e4dc69e5b2fd71dcaf8bd5d054eb936deb78d1fa"

[[projects]]
  branch = "master"
  digest = "1:e9609f7e36a3fecb7dc9e3a15f9881011f9d8c42f94c9d5da231eb0c07826dc8"
  name = "golang.org/x/sys"
  packages = [
    "cpu",
    "unix",
  ]
  pruneopts = "UT"
  revision = "66b7b1311ac80bbafcd2daeef9a5e6e2cd1e2399"

[[projects]]
  digest = "1:b24d38b282bacf9791408a080f606370efa3d364e4b5fd9ba0f7b87786d3b679"
  name = "gopkg.in/urfave/cli.v1"
  packages = ["."]
  pruneopts = "UT"
  revision = "cfb38830724cc34fedffe9a2a29fb54fa9169cd1"
  version = "v1.20.0"

[solve-meta]
  analyzer-name = "dep"
  analyzer-version = 1
  input-imports = [
    "github.com/Shopify/sarama",
    "github.com/aws/aws-sdk-go/aws",
    "github.com/aws/aws-sdk-go/aws/session",
    "github.com/aws/aws-sdk-go/service/kinesis",
    "github.com/garyburd/redigo/redis",
    "github.com/globalsign/mgo",
    "github.com/globalsign/mgo/bson",
    "github.com/hashicorp/consul/api",
    "github.com/hashicorp/nomad/api",
    "github.com/nsqio/go-nsq",
    "github.com/seatgeek/logrus-gelf-formatter",
    "github.com/sirupsen/logrus",
    "github.com/streadway/amqp",
    "gopkg.in/urfave/cli.v1",
  ]
  solver-name = "gps-cdcl"
  solver-version = 1
